// !$*UTF8*$!
{
	archiveVersion = 1;
	classes = {
	};
	objectVersion = 56;
	objects = {

/* Begin PBXBuildFile section */
		5A1008F92B3C02A6003DE71B /* Alert.swift in Sources */ = {isa = PBXBuildFile; fileRef = 5A1008F82B3C02A6003DE71B /* Alert.swift */; };
		5A1008FB2B3C13D1003DE71B /* LoadingView.swift in Sources */ = {isa = PBXBuildFile; fileRef = 5A1008FA2B3C13D1003DE71B /* LoadingView.swift */; };
		5A1008FD2B3C538A003DE71B /* RemoteImage.swift in Sources */ = {isa = PBXBuildFile; fileRef = 5A1008FC2B3C538A003DE71B /* RemoteImage.swift */; };
		5A10090C2B3C5DE0003DE71B /* AppetizerDetailView.swift in Sources */ = {isa = PBXBuildFile; fileRef = 5A10090B2B3C5DE0003DE71B /* AppetizerDetailView.swift */; };
		5A10090F2B3D4F8E003DE71B /* XDismissButton.swift in Sources */ = {isa = PBXBuildFile; fileRef = 5A10090E2B3D4F8E003DE71B /* XDismissButton.swift */; };
		5A1009112B3D61F8003DE71B /* AccountViewModel.swift in Sources */ = {isa = PBXBuildFile; fileRef = 5A1009102B3D61F8003DE71B /* AccountViewModel.swift */; };
		5A1009142B3D66BE003DE71B /* String+Ext.swift in Sources */ = {isa = PBXBuildFile; fileRef = 5A1009132B3D66BE003DE71B /* String+Ext.swift */; };
		5A1009162B3D7E69003DE71B /* User.swift in Sources */ = {isa = PBXBuildFile; fileRef = 5A1009152B3D7E69003DE71B /* User.swift */; };
		5A1009182B3D8D33003DE71B /* APButton.swift in Sources */ = {isa = PBXBuildFile; fileRef = 5A1009172B3D8D33003DE71B /* APButton.swift */; };
		5A10091A2B3D8DB7003DE71B /* OrderViewModel.swift in Sources */ = {isa = PBXBuildFile; fileRef = 5A1009192B3D8DB7003DE71B /* OrderViewModel.swift */; };
		5A10091D2B3D98D9003DE71B /* EmptyState.swift in Sources */ = {isa = PBXBuildFile; fileRef = 5A10091C2B3D98D9003DE71B /* EmptyState.swift */; };
		5A10091F2B3E8459003DE71B /* CustomModifiers.swift in Sources */ = {isa = PBXBuildFile; fileRef = 5A10091E2B3E8459003DE71B /* CustomModifiers.swift */; };
		5A1009232B3FF806003DE71B /* Date+Ext.swift in Sources */ = {isa = PBXBuildFile; fileRef = 5A1009222B3FF806003DE71B /* Date+Ext.swift */; };
		5A9C1CC42B3954AA00660B59 /* AppetizersApp.swift in Sources */ = {isa = PBXBuildFile; fileRef = 5A9C1CC32B3954AA00660B59 /* AppetizersApp.swift */; };
		5A9C1CC62B3954AA00660B59 /* AppetizerTabView.swift in Sources */ = {isa = PBXBuildFile; fileRef = 5A9C1CC52B3954AA00660B59 /* AppetizerTabView.swift */; };
		5A9C1CC82B3954AB00660B59 /* Assets.xcassets in Resources */ = {isa = PBXBuildFile; fileRef = 5A9C1CC72B3954AB00660B59 /* Assets.xcassets */; };
		5A9C1CCB2B3954AB00660B59 /* Preview Assets.xcassets in Resources */ = {isa = PBXBuildFile; fileRef = 5A9C1CCA2B3954AB00660B59 /* Preview Assets.xcassets */; };
		5A9C1CD22B39569400660B59 /* OrderView.swift in Sources */ = {isa = PBXBuildFile; fileRef = 5A9C1CD12B39569400660B59 /* OrderView.swift */; };
		5A9C1CD42B3956B100660B59 /* AccountView.swift in Sources */ = {isa = PBXBuildFile; fileRef = 5A9C1CD32B3956B100660B59 /* AccountView.swift */; };
		5A9C1CD62B3956C800660B59 /* AppetizerListView.swift in Sources */ = {isa = PBXBuildFile; fileRef = 5A9C1CD52B3956C800660B59 /* AppetizerListView.swift */; };
		5A9C1CD82B3960B600660B59 /* Appetizer.swift in Sources */ = {isa = PBXBuildFile; fileRef = 5A9C1CD72B3960B600660B59 /* Appetizer.swift */; };
		5A9C1CDA2B397A3A00660B59 /* AppetizerListCell.swift in Sources */ = {isa = PBXBuildFile; fileRef = 5A9C1CD92B397A3A00660B59 /* AppetizerListCell.swift */; };
		5A9C1CDC2B39923300660B59 /* APError.swift in Sources */ = {isa = PBXBuildFile; fileRef = 5A9C1CDB2B39923300660B59 /* APError.swift */; };
		5A9C1CDE2B3992D500660B59 /* NetworkManager.swift in Sources */ = {isa = PBXBuildFile; fileRef = 5A9C1CDD2B3992D500660B59 /* NetworkManager.swift */; };
		5A9C1CE02B39C4E200660B59 /* AppetizerListViewModel.swift in Sources */ = {isa = PBXBuildFile; fileRef = 5A9C1CDF2B39C4E200660B59 /* AppetizerListViewModel.swift */; };
/* End PBXBuildFile section */

/* Begin PBXFileReference section */
		5A1008F82B3C02A6003DE71B /* Alert.swift */ = {isa = PBXFileReference; lastKnownFileType = sourcecode.swift; path = Alert.swift; sourceTree = "<group>"; };
		5A1008FA2B3C13D1003DE71B /* LoadingView.swift */ = {isa = PBXFileReference; lastKnownFileType = sourcecode.swift; path = LoadingView.swift; sourceTree = "<group>"; };
		5A1008FC2B3C538A003DE71B /* RemoteImage.swift */ = {isa = PBXFileReference; lastKnownFileType = sourcecode.swift; path = RemoteImage.swift; sourceTree = "<group>"; };
		5A10090B2B3C5DE0003DE71B /* AppetizerDetailView.swift */ = {isa = PBXFileReference; lastKnownFileType = sourcecode.swift; path = AppetizerDetailView.swift; sourceTree = "<group>"; };
		5A10090E2B3D4F8E003DE71B /* XDismissButton.swift */ = {isa = PBXFileReference; lastKnownFileType = sourcecode.swift; path = XDismissButton.swift; sourceTree = "<group>"; };
		5A1009102B3D61F8003DE71B /* AccountViewModel.swift */ = {isa = PBXFileReference; lastKnownFileType = sourcecode.swift; path = AccountViewModel.swift; sourceTree = "<group>"; };
		5A1009132B3D66BE003DE71B /* String+Ext.swift */ = {isa = PBXFileReference; lastKnownFileType = sourcecode.swift; path = "String+Ext.swift"; sourceTree = "<group>"; };
		5A1009152B3D7E69003DE71B /* User.swift */ = {isa = PBXFileReference; lastKnownFileType = sourcecode.swift; path = User.swift; sourceTree = "<group>"; };
		5A1009172B3D8D33003DE71B /* APButton.swift */ = {isa = PBXFileReference; lastKnownFileType = sourcecode.swift; path = APButton.swift; sourceTree = "<group>"; };
		5A1009192B3D8DB7003DE71B /* OrderViewModel.swift */ = {isa = PBXFileReference; lastKnownFileType = sourcecode.swift; path = OrderViewModel.swift; sourceTree = "<group>"; };
		5A10091C2B3D98D9003DE71B /* EmptyState.swift */ = {isa = PBXFileReference; lastKnownFileType = sourcecode.swift; path = EmptyState.swift; sourceTree = "<group>"; };
		5A10091E2B3E8459003DE71B /* CustomModifiers.swift */ = {isa = PBXFileReference; lastKnownFileType = sourcecode.swift; path = CustomModifiers.swift; sourceTree = "<group>"; };
		5A1009222B3FF806003DE71B /* Date+Ext.swift */ = {isa = PBXFileReference; lastKnownFileType = sourcecode.swift; path = "Date+Ext.swift"; sourceTree = "<group>"; };
		5A9C1CC02B3954AA00660B59 /* Appetizers.app */ = {isa = PBXFileReference; explicitFileType = wrapper.application; includeInIndex = 0; path = Appetizers.app; sourceTree = BUILT_PRODUCTS_DIR; };
		5A9C1CC32B3954AA00660B59 /* AppetizersApp.swift */ = {isa = PBXFileReference; lastKnownFileType = sourcecode.swift; path = AppetizersApp.swift; sourceTree = "<group>"; };
		5A9C1CC52B3954AA00660B59 /* AppetizerTabView.swift */ = {isa = PBXFileReference; lastKnownFileType = sourcecode.swift; path = AppetizerTabView.swift; sourceTree = "<group>"; };
		5A9C1CC72B3954AB00660B59 /* Assets.xcassets */ = {isa = PBXFileReference; lastKnownFileType = folder.assetcatalog; path = Assets.xcassets; sourceTree = "<group>"; };
		5A9C1CCA2B3954AB00660B59 /* Preview Assets.xcassets */ = {isa = PBXFileReference; lastKnownFileType = folder.assetcatalog; path = "Preview Assets.xcassets"; sourceTree = "<group>"; };
		5A9C1CD12B39569400660B59 /* OrderView.swift */ = {isa = PBXFileReference; lastKnownFileType = sourcecode.swift; path = OrderView.swift; sourceTree = "<group>"; };
		5A9C1CD32B3956B100660B59 /* AccountView.swift */ = {isa = PBXFileReference; lastKnownFileType = sourcecode.swift; path = AccountView.swift; sourceTree = "<group>"; };
		5A9C1CD52B3956C800660B59 /* AppetizerListView.swift */ = {isa = PBXFileReference; lastKnownFileType = sourcecode.swift; path = AppetizerListView.swift; sourceTree = "<group>"; };
		5A9C1CD72B3960B600660B59 /* Appetizer.swift */ = {isa = PBXFileReference; lastKnownFileType = sourcecode.swift; path = Appetizer.swift; sourceTree = "<group>"; };
		5A9C1CD92B397A3A00660B59 /* AppetizerListCell.swift */ = {isa = PBXFileReference; lastKnownFileType = sourcecode.swift; path = AppetizerListCell.swift; sourceTree = "<group>"; };
		5A9C1CDB2B39923300660B59 /* APError.swift */ = {isa = PBXFileReference; lastKnownFileType = sourcecode.swift; path = APError.swift; sourceTree = "<group>"; };
		5A9C1CDD2B3992D500660B59 /* NetworkManager.swift */ = {isa = PBXFileReference; lastKnownFileType = sourcecode.swift; path = NetworkManager.swift; sourceTree = "<group>"; };
		5A9C1CDF2B39C4E200660B59 /* AppetizerListViewModel.swift */ = {isa = PBXFileReference; lastKnownFileType = sourcecode.swift; path = AppetizerListViewModel.swift; sourceTree = "<group>"; };
/* End PBXFileReference section */

/* Begin PBXFrameworksBuildPhase section */
		5A9C1CBD2B3954AA00660B59 /* Frameworks */ = {
			isa = PBXFrameworksBuildPhase;
			buildActionMask = 2147483647;
			files = (
			);
			runOnlyForDeploymentPostprocessing = 0;
		};
/* End PBXFrameworksBuildPhase section */

/* Begin PBXGroup section */
		5A1008FE2B3C5B4C003DE71B /* Screens */ = {
			isa = PBXGroup;
			children = (
				5A9C1CC52B3954AA00660B59 /* AppetizerTabView.swift */,
				5A1009012B3C5B75003DE71B /* AccountView */,
				5A1009002B3C5B68003DE71B /* OrderView */,
				5A1008FF2B3C5B53003DE71B /* AppetizerListView */,
				5A10090A2B3C5D84003DE71B /* AppetizerDetailView */,
			);
			path = Screens;
			sourceTree = "<group>";
		};
		5A1008FF2B3C5B53003DE71B /* AppetizerListView */ = {
			isa = PBXGroup;
			children = (
				5A9C1CDF2B39C4E200660B59 /* AppetizerListViewModel.swift */,
				5A9C1CD52B3956C800660B59 /* AppetizerListView.swift */,
			);
			path = AppetizerListView;
			sourceTree = "<group>";
		};
		5A1009002B3C5B68003DE71B /* OrderView */ = {
			isa = PBXGroup;
			children = (
				5A9C1CD12B39569400660B59 /* OrderView.swift */,
				5A1009192B3D8DB7003DE71B /* OrderViewModel.swift */,
			);
			path = OrderView;
			sourceTree = "<group>";
		};
		5A1009012B3C5B75003DE71B /* AccountView */ = {
			isa = PBXGroup;
			children = (
				5A9C1CD32B3956B100660B59 /* AccountView.swift */,
				5A1009102B3D61F8003DE71B /* AccountViewModel.swift */,
			);
			path = AccountView;
			sourceTree = "<group>";
		};
		5A1009022B3C5B82003DE71B /* Utilities */ = {
			isa = PBXGroup;
			children = (
				5A1009122B3D66AF003DE71B /* Extensions */,
				5A1009042B3C5BA3003DE71B /* Alerts */,
				5A1009032B3C5B93003DE71B /* Managers */,
			);
			path = Utilities;
			sourceTree = "<group>";
		};
		5A1009032B3C5B93003DE71B /* Managers */ = {
			isa = PBXGroup;
			children = (
				5A9C1CDD2B3992D500660B59 /* NetworkManager.swift */,
			);
			path = Managers;
			sourceTree = "<group>";
		};
		5A1009042B3C5BA3003DE71B /* Alerts */ = {
			isa = PBXGroup;
			children = (
				5A1008F82B3C02A6003DE71B /* Alert.swift */,
				5A9C1CDB2B39923300660B59 /* APError.swift */,
			);
			path = Alerts;
			sourceTree = "<group>";
		};
		5A1009052B3C5BF7003DE71B /* Model */ = {
			isa = PBXGroup;
			children = (
				5A9C1CD72B3960B600660B59 /* Appetizer.swift */,
				5A1009152B3D7E69003DE71B /* User.swift */,
			);
			path = Model;
			sourceTree = "<group>";
		};
		5A1009062B3C5C37003DE71B /* Views */ = {
			isa = PBXGroup;
			children = (
				5A10091B2B3D98CA003DE71B /* Empty States */,
				5A10090D2B3D4F79003DE71B /* Buttons */,
				5A1009092B3C5C59003DE71B /* Image */,
				5A1009082B3C5C47003DE71B /* UIKit Components */,
				5A1009072B3C5C40003DE71B /* Cells */,
				5A10091E2B3E8459003DE71B /* CustomModifiers.swift */,
			);
			path = Views;
			sourceTree = "<group>";
		};
		5A1009072B3C5C40003DE71B /* Cells */ = {
			isa = PBXGroup;
			children = (
				5A9C1CD92B397A3A00660B59 /* AppetizerListCell.swift */,
			);
			path = Cells;
			sourceTree = "<group>";
		};
		5A1009082B3C5C47003DE71B /* UIKit Components */ = {
			isa = PBXGroup;
			children = (
				5A1008FA2B3C13D1003DE71B /* LoadingView.swift */,
			);
			path = "UIKit Components";
			sourceTree = "<group>";
		};
		5A1009092B3C5C59003DE71B /* Image */ = {
			isa = PBXGroup;
			children = (
				5A1008FC2B3C538A003DE71B /* RemoteImage.swift */,
			);
			path = Image;
			sourceTree = "<group>";
		};
		5A10090A2B3C5D84003DE71B /* AppetizerDetailView */ = {
			isa = PBXGroup;
			children = (
				5A10090B2B3C5DE0003DE71B /* AppetizerDetailView.swift */,
			);
			path = AppetizerDetailView;
			sourceTree = "<group>";
		};
		5A10090D2B3D4F79003DE71B /* Buttons */ = {
			isa = PBXGroup;
			children = (
				5A10090E2B3D4F8E003DE71B /* XDismissButton.swift */,
				5A1009172B3D8D33003DE71B /* APButton.swift */,
			);
			path = Buttons;
			sourceTree = "<group>";
		};
		5A1009122B3D66AF003DE71B /* Extensions */ = {
			isa = PBXGroup;
			children = (
				5A1009132B3D66BE003DE71B /* String+Ext.swift */,
				5A1009222B3FF806003DE71B /* Date+Ext.swift */,
			);
			path = Extensions;
			sourceTree = "<group>";
		};
		5A10091B2B3D98CA003DE71B /* Empty States */ = {
			isa = PBXGroup;
			children = (
				5A10091C2B3D98D9003DE71B /* EmptyState.swift */,
			);
			path = "Empty States";
			sourceTree = "<group>";
		};
		5A9C1CB72B3954AA00660B59 = {
			isa = PBXGroup;
			children = (
				5A9C1CC22B3954AA00660B59 /* Appetizers */,
				5A9C1CC12B3954AA00660B59 /* Products */,
			);
			sourceTree = "<group>";
		};
		5A9C1CC12B3954AA00660B59 /* Products */ = {
			isa = PBXGroup;
			children = (
				5A9C1CC02B3954AA00660B59 /* Appetizers.app */,
			);
			name = Products;
			sourceTree = "<group>";
		};
		5A9C1CC22B3954AA00660B59 /* Appetizers */ = {
			isa = PBXGroup;
			children = (
				5A1009052B3C5BF7003DE71B /* Model */,
				5A1009022B3C5B82003DE71B /* Utilities */,
				5A1009062B3C5C37003DE71B /* Views */,
				5A1008FE2B3C5B4C003DE71B /* Screens */,
				5A9C1CC32B3954AA00660B59 /* AppetizersApp.swift */,
				5A9C1CC72B3954AB00660B59 /* Assets.xcassets */,
				5A9C1CC92B3954AB00660B59 /* Preview Content */,
			);
			path = Appetizers;
			sourceTree = "<group>";
		};
		5A9C1CC92B3954AB00660B59 /* Preview Content */ = {
			isa = PBXGroup;
			children = (
				5A9C1CCA2B3954AB00660B59 /* Preview Assets.xcassets */,
			);
			path = "Preview Content";
			sourceTree = "<group>";
		};
/* End PBXGroup section */

/* Begin PBXNativeTarget section */
		5A9C1CBF2B3954AA00660B59 /* Appetizers */ = {
			isa = PBXNativeTarget;
			buildConfigurationList = 5A9C1CCE2B3954AB00660B59 /* Build configuration list for PBXNativeTarget "Appetizers" */;
			buildPhases = (
				5A9C1CBC2B3954AA00660B59 /* Sources */,
				5A9C1CBD2B3954AA00660B59 /* Frameworks */,
				5A9C1CBE2B3954AA00660B59 /* Resources */,
			);
			buildRules = (
			);
			dependencies = (
			);
			name = Appetizers;
			productName = Appetizers;
			productReference = 5A9C1CC02B3954AA00660B59 /* Appetizers.app */;
			productType = "com.apple.product-type.application";
		};
/* End PBXNativeTarget section */

/* Begin PBXProject section */
		5A9C1CB82B3954AA00660B59 /* Project object */ = {
			isa = PBXProject;
			attributes = {
				BuildIndependentTargetsInParallel = 1;
				LastSwiftUpdateCheck = 1500;
				LastUpgradeCheck = 1500;
				TargetAttributes = {
					5A9C1CBF2B3954AA00660B59 = {
						CreatedOnToolsVersion = 15.0;
					};
				};
			};
			buildConfigurationList = 5A9C1CBB2B3954AA00660B59 /* Build configuration list for PBXProject "Appetizers" */;
			compatibilityVersion = "Xcode 14.0";
			developmentRegion = en;
			hasScannedForEncodings = 0;
			knownRegions = (
				en,
				Base,
			);
			mainGroup = 5A9C1CB72B3954AA00660B59;
			productRefGroup = 5A9C1CC12B3954AA00660B59 /* Products */;
			projectDirPath = "";
			projectRoot = "";
			targets = (
				5A9C1CBF2B3954AA00660B59 /* Appetizers */,
			);
		};
/* End PBXProject section */

/* Begin PBXResourcesBuildPhase section */
		5A9C1CBE2B3954AA00660B59 /* Resources */ = {
			isa = PBXResourcesBuildPhase;
			buildActionMask = 2147483647;
			files = (
				5A9C1CCB2B3954AB00660B59 /* Preview Assets.xcassets in Resources */,
				5A9C1CC82B3954AB00660B59 /* Assets.xcassets in Resources */,
			);
			runOnlyForDeploymentPostprocessing = 0;
		};
/* End PBXResourcesBuildPhase section */

/* Begin PBXSourcesBuildPhase section */
		5A9C1CBC2B3954AA00660B59 /* Sources */ = {
			isa = PBXSourcesBuildPhase;
			buildActionMask = 2147483647;
			files = (
				5A9C1CDE2B3992D500660B59 /* NetworkManager.swift in Sources */,
				5A9C1CD82B3960B600660B59 /* Appetizer.swift in Sources */,
				5A9C1CDA2B397A3A00660B59 /* AppetizerListCell.swift in Sources */,
				5A1009142B3D66BE003DE71B /* String+Ext.swift in Sources */,
				5A1009232B3FF806003DE71B /* Date+Ext.swift in Sources */,
				5A9C1CE02B39C4E200660B59 /* AppetizerListViewModel.swift in Sources */,
				5A9C1CD42B3956B100660B59 /* AccountView.swift in Sources */,
				5A1008FB2B3C13D1003DE71B /* LoadingView.swift in Sources */,
				5A10091A2B3D8DB7003DE71B /* OrderViewModel.swift in Sources */,
				5A1008FD2B3C538A003DE71B /* RemoteImage.swift in Sources */,
				5A10091F2B3E8459003DE71B /* CustomModifiers.swift in Sources */,
				5A9C1CDC2B39923300660B59 /* APError.swift in Sources */,
				5A10090C2B3C5DE0003DE71B /* AppetizerDetailView.swift in Sources */,
				5A9C1CD22B39569400660B59 /* OrderView.swift in Sources */,
				5A1009112B3D61F8003DE71B /* AccountViewModel.swift in Sources */,
				5A9C1CC62B3954AA00660B59 /* AppetizerTabView.swift in Sources */,
				5A1008F92B3C02A6003DE71B /* Alert.swift in Sources */,
				5A10091D2B3D98D9003DE71B /* EmptyState.swift in Sources */,
				5A1009162B3D7E69003DE71B /* User.swift in Sources */,
				5A1009182B3D8D33003DE71B /* APButton.swift in Sources */,
				5A9C1CC42B3954AA00660B59 /* AppetizersApp.swift in Sources */,
				5A9C1CD62B3956C800660B59 /* AppetizerListView.swift in Sources */,
				5A10090F2B3D4F8E003DE71B /* XDismissButton.swift in Sources */,
			);
			runOnlyForDeploymentPostprocessing = 0;
		};
/* End PBXSourcesBuildPhase section */

/* Begin XCBuildConfiguration section */
		5A9C1CCC2B3954AB00660B59 /* Debug */ = {
			isa = XCBuildConfiguration;
			buildSettings = {
				ALWAYS_SEARCH_USER_PATHS = NO;
				ASSETCATALOG_COMPILER_GENERATE_SWIFT_ASSET_SYMBOL_EXTENSIONS = YES;
				CLANG_ANALYZER_NONNULL = YES;
				CLANG_ANALYZER_NUMBER_OBJECT_CONVERSION = YES_AGGRESSIVE;
				CLANG_CXX_LANGUAGE_STANDARD = "gnu++20";
				CLANG_ENABLE_MODULES = YES;
				CLANG_ENABLE_OBJC_ARC = YES;
				CLANG_ENABLE_OBJC_WEAK = YES;
				CLANG_WARN_BLOCK_CAPTURE_AUTORELEASING = YES;
				CLANG_WARN_BOOL_CONVERSION = YES;
				CLANG_WARN_COMMA = YES;
				CLANG_WARN_CONSTANT_CONVERSION = YES;
				CLANG_WARN_DEPRECATED_OBJC_IMPLEMENTATIONS = YES;
				CLANG_WARN_DIRECT_OBJC_ISA_USAGE = YES_ERROR;
				CLANG_WARN_DOCUMENTATION_COMMENTS = YES;
				CLANG_WARN_EMPTY_BODY = YES;
				CLANG_WARN_ENUM_CONVERSION = YES;
				CLANG_WARN_INFINITE_RECURSION = YES;
				CLANG_WARN_INT_CONVERSION = YES;
				CLANG_WARN_NON_LITERAL_NULL_CONVERSION = YES;
				CLANG_WARN_OBJC_IMPLICIT_RETAIN_SELF = YES;
				CLANG_WARN_OBJC_LITERAL_CONVERSION = YES;
				CLANG_WARN_OBJC_ROOT_CLASS = YES_ERROR;
				CLANG_WARN_QUOTED_INCLUDE_IN_FRAMEWORK_HEADER = YES;
				CLANG_WARN_RANGE_LOOP_ANALYSIS = YES;
				CLANG_WARN_STRICT_PROTOTYPES = YES;
				CLANG_WARN_SUSPICIOUS_MOVE = YES;
				CLANG_WARN_UNGUARDED_AVAILABILITY = YES_AGGRESSIVE;
				CLANG_WARN_UNREACHABLE_CODE = YES;
				CLANG_WARN__DUPLICATE_METHOD_MATCH = YES;
				COPY_PHASE_STRIP = NO;
				DEBUG_INFORMATION_FORMAT = dwarf;
				ENABLE_STRICT_OBJC_MSGSEND = YES;
				ENABLE_TESTABILITY = YES;
				ENABLE_USER_SCRIPT_SANDBOXING = YES;
				GCC_C_LANGUAGE_STANDARD = gnu17;
				GCC_DYNAMIC_NO_PIC = NO;
				GCC_NO_COMMON_BLOCKS = YES;
				GCC_OPTIMIZATION_LEVEL = 0;
				GCC_PREPROCESSOR_DEFINITIONS = (
					"DEBUG=1",
					"$(inherited)",
				);
				GCC_WARN_64_TO_32_BIT_CONVERSION = YES;
				GCC_WARN_ABOUT_RETURN_TYPE = YES_ERROR;
				GCC_WARN_UNDECLARED_SELECTOR = YES;
				GCC_WARN_UNINITIALIZED_AUTOS = YES_AGGRESSIVE;
				GCC_WARN_UNUSED_FUNCTION = YES;
				GCC_WARN_UNUSED_VARIABLE = YES;
				IPHONEOS_DEPLOYMENT_TARGET = 17.0;
				LOCALIZATION_PREFERS_STRING_CATALOGS = YES;
				MTL_ENABLE_DEBUG_INFO = INCLUDE_SOURCE;
				MTL_FAST_MATH = YES;
				ONLY_ACTIVE_ARCH = YES;
				SDKROOT = iphoneos;
				SWIFT_ACTIVE_COMPILATION_CONDITIONS = "DEBUG $(inherited)";
				SWIFT_OPTIMIZATION_LEVEL = "-Onone";
			};
			name = Debug;
		};
		5A9C1CCD2B3954AB00660B59 /* Release */ = {
			isa = XCBuildConfiguration;
			buildSettings = {
				ALWAYS_SEARCH_USER_PATHS = NO;
				ASSETCATALOG_COMPILER_GENERATE_SWIFT_ASSET_SYMBOL_EXTENSIONS = YES;
				CLANG_ANALYZER_NONNULL = YES;
				CLANG_ANALYZER_NUMBER_OBJECT_CONVERSION = YES_AGGRESSIVE;
				CLANG_CXX_LANGUAGE_STANDARD = "gnu++20";
				CLANG_ENABLE_MODULES = YES;
				CLANG_ENABLE_OBJC_ARC = YES;
				CLANG_ENABLE_OBJC_WEAK = YES;
				CLANG_WARN_BLOCK_CAPTURE_AUTORELEASING = YES;
				CLANG_WARN_BOOL_CONVERSION = YES;
				CLANG_WARN_COMMA = YES;
				CLANG_WARN_CONSTANT_CONVERSION = YES;
				CLANG_WARN_DEPRECATED_OBJC_IMPLEMENTATIONS = YES;
				CLANG_WARN_DIRECT_OBJC_ISA_USAGE = YES_ERROR;
				CLANG_WARN_DOCUMENTATION_COMMENTS = YES;
				CLANG_WARN_EMPTY_BODY = YES;
				CLANG_WARN_ENUM_CONVERSION = YES;
				CLANG_WARN_INFINITE_RECURSION = YES;
				CLANG_WARN_INT_CONVERSION = YES;
				CLANG_WARN_NON_LITERAL_NULL_CONVERSION = YES;
				CLANG_WARN_OBJC_IMPLICIT_RETAIN_SELF = YES;
				CLANG_WARN_OBJC_LITERAL_CONVERSION = YES;
				CLANG_WARN_OBJC_ROOT_CLASS = YES_ERROR;
				CLANG_WARN_QUOTED_INCLUDE_IN_FRAMEWORK_HEADER = YES;
				CLANG_WARN_RANGE_LOOP_ANALYSIS = YES;
				CLANG_WARN_STRICT_PROTOTYPES = YES;
				CLANG_WARN_SUSPICIOUS_MOVE = YES;
				CLANG_WARN_UNGUARDED_AVAILABILITY = YES_AGGRESSIVE;
				CLANG_WARN_UNREACHABLE_CODE = YES;
				CLANG_WARN__DUPLICATE_METHOD_MATCH = YES;
				COPY_PHASE_STRIP = NO;
				DEBUG_INFORMATION_FORMAT = "dwarf-with-dsym";
				ENABLE_NS_ASSERTIONS = NO;
				ENABLE_STRICT_OBJC_MSGSEND = YES;
				ENABLE_USER_SCRIPT_SANDBOXING = YES;
				GCC_C_LANGUAGE_STANDARD = gnu17;
				GCC_NO_COMMON_BLOCKS = YES;
				GCC_WARN_64_TO_32_BIT_CONVERSION = YES;
				GCC_WARN_ABOUT_RETURN_TYPE = YES_ERROR;
				GCC_WARN_UNDECLARED_SELECTOR = YES;
				GCC_WARN_UNINITIALIZED_AUTOS = YES_AGGRESSIVE;
				GCC_WARN_UNUSED_FUNCTION = YES;
				GCC_WARN_UNUSED_VARIABLE = YES;
				IPHONEOS_DEPLOYMENT_TARGET = 17.0;
				LOCALIZATION_PREFERS_STRING_CATALOGS = YES;
				MTL_ENABLE_DEBUG_INFO = NO;
				MTL_FAST_MATH = YES;
				SDKROOT = iphoneos;
				SWIFT_COMPILATION_MODE = wholemodule;
				VALIDATE_PRODUCT = YES;
			};
			name = Release;
		};
		5A9C1CCF2B3954AB00660B59 /* Debug */ = {
			isa = XCBuildConfiguration;
			buildSettings = {
				ASSETCATALOG_COMPILER_APPICON_NAME = AppIcon;
				ASSETCATALOG_COMPILER_GLOBAL_ACCENT_COLOR_NAME = AccentColor;
				CODE_SIGN_STYLE = Automatic;
				CURRENT_PROJECT_VERSION = 1;
				DEVELOPMENT_ASSET_PATHS = "\"Appetizers/Preview Content\"";
				ENABLE_PREVIEWS = YES;
				GENERATE_INFOPLIST_FILE = YES;
				INFOPLIST_KEY_UIApplicationSceneManifest_Generation = YES;
				INFOPLIST_KEY_UIApplicationSupportsIndirectInputEvents = YES;
				INFOPLIST_KEY_UILaunchScreen_Generation = YES;
				INFOPLIST_KEY_UISupportedInterfaceOrientations_iPad = "UIInterfaceOrientationPortrait UIInterfaceOrientationPortraitUpsideDown UIInterfaceOrientationLandscapeLeft UIInterfaceOrientationLandscapeRight";
				INFOPLIST_KEY_UISupportedInterfaceOrientations_iPhone = "UIInterfaceOrientationPortrait UIInterfaceOrientationLandscapeLeft UIInterfaceOrientationLandscapeRight";
				LD_RUNPATH_SEARCH_PATHS = (
					"$(inherited)",
					"@executable_path/Frameworks",
				);
				MARKETING_VERSION = 1.0;
				PRODUCT_BUNDLE_IDENTIFIER = com.example.hz.Appetizers;
				PRODUCT_NAME = "$(TARGET_NAME)";
				SWIFT_EMIT_LOC_STRINGS = YES;
				SWIFT_VERSION = 5.0;
				TARGETED_DEVICE_FAMILY = "1,2";
			};
			name = Debug;
		};
		5A9C1CD02B3954AB00660B59 /* Release */ = {
			isa = XCBuildConfiguration;
			buildSettings = {
				ASSETCATALOG_COMPILER_APPICON_NAME = AppIcon;
				ASSETCATALOG_COMPILER_GLOBAL_ACCENT_COLOR_NAME = AccentColor;
				CODE_SIGN_STYLE = Automatic;
				CURRENT_PROJECT_VERSION = 1;
				DEVELOPMENT_ASSET_PATHS = "\"Appetizers/Preview Content\"";
				ENABLE_PREVIEWS = YES;
				GENERATE_INFOPLIST_FILE = YES;
				INFOPLIST_KEY_UIApplicationSceneManifest_Generation = YES;
				INFOPLIST_KEY_UIApplicationSupportsIndirectInputEvents = YES;
				INFOPLIST_KEY_UILaunchScreen_Generation = YES;
				INFOPLIST_KEY_UISupportedInterfaceOrientations_iPad = "UIInterfaceOrientationPortrait UIInterfaceOrientationPortraitUpsideDown UIInterfaceOrientationLandscapeLeft UIInterfaceOrientationLandscapeRight";
				INFOPLIST_KEY_UISupportedInterfaceOrientations_iPhone = "UIInterfaceOrientationPortrait UIInterfaceOrientationLandscapeLeft UIInterfaceOrientationLandscapeRight";
				LD_RUNPATH_SEARCH_PATHS = (
					"$(inherited)",
					"@executable_path/Frameworks",
				);
				MARKETING_VERSION = 1.0;
				PRODUCT_BUNDLE_IDENTIFIER = com.example.hz.Appetizers;
				PRODUCT_NAME = "$(TARGET_NAME)";
				SWIFT_EMIT_LOC_STRINGS = YES;
				SWIFT_VERSION = 5.0;
				TARGETED_DEVICE_FAMILY = "1,2";
			};
			name = Release;
		};
/* End XCBuildConfiguration section */

/* Begin XCConfigurationList section */
		5A9C1CBB2B3954AA00660B59 /* Build configuration list for PBXProject "Appetizers" */ = {
			isa = XCConfigurationList;
			buildConfigurations = (
				5A9C1CCC2B3954AB00660B59 /* Debug */,
				5A9C1CCD2B3954AB00660B59 /* Release */,
			);
			defaultConfigurationIsVisible = 0;
			defaultConfigurationName = Release;
		};
		5A9C1CCE2B3954AB00660B59 /* Build configuration list for PBXNativeTarget "Appetizers" */ = {
			isa = XCConfigurationList;
			buildConfigurations = (
				5A9C1CCF2B3954AB00660B59 /* Debug */,
				5A9C1CD02B3954AB00660B59 /* Release */,
			);
			defaultConfigurationIsVisible = 0;
			defaultConfigurationName = Release;
		};
/* End XCConfigurationList section */
	};
	rootObject = 5A9C1CB82B3954AA00660B59 /* Project object */;
}
